Microsoft Visual Studio Solution File, Format Version 12.00
# Visual Studio Version 17
VisualStudioVersion = 17.5.2.0
MinimumVisualStudioVersion = 10.0.40219.1
Project("{FAE04EC0-301F-11D3-BF4B-00C04F79EFBC}") = "meuAlfabeto", "meuAlfabeto\meuAlfabeto.csproj", "{9B1891DD-D150-3698-35E5-82FA98612564}"
EndProject
Global
	GlobalSection(SolutionConfigurationPlatforms) = preSolution
		Debug|Any CPU = Debug|Any CPU
		Release|Any CPU = Release|Any CPU
	EndGlobalSection
	GlobalSection(ProjectConfigurationPlatforms) = postSolution
		{9B1891DD-D150-3698-35E5-82FA98612564}.Debug|Any CPU.ActiveCfg = Debug|Any CPU
		{9B1891DD-D150-3698-35E5-82FA98612564}.Debug|Any CPU.Build.0 = Debug|Any CPU
		{9B1891DD-D150-3698-35E5-82FA98612564}.Release|Any CPU.ActiveCfg = Release|Any CPU
		{9B1891DD-D150-3698-35E5-82FA98612564}.Release|Any CPU.Build.0 = Release|Any CPU
	EndGlobalSection
	GlobalSection(SolutionProperties) = preSolution
		HideSolutionNode = FALSE
	EndGlobalSection
	GlobalSection(ExtensibilityGlobals) = postSolution
		SolutionGuid = {DC0F6B30-6CD9-49F2-AFA8-55BF9BCAA933}
	EndGlobalSection
EndGlobal
